
Microsoft Visual Studio Solution File, Format Version 12.00
# Visual Studio 15
Project("{FAE04EC0-301F-11D3-BF4B-00C04F79EFBC}") = "Assembly-CSharp", "Assembly-CSharp.csproj", "{319224EB-3C30-FD80-D15B-F1DD13A6D038}"
EndProject
Project("{FAE04EC0-301F-11D3-BF4B-00C04F79EFBC}") = "NUUVer3", "NUUVer3.csproj", "{5CC8A827-9177-7FD6-7F1D-68444B73A9E7}"
EndProject
Global
	GlobalSection(SolutionConfigurationPlatforms) = preSolution
		Debug|Any CPU = Debug|Any CPU
		Release|Any CPU = Release|Any CPU
	EndGlobalSection
	GlobalSection(ProjectConfigurationPlatforms) = postSolution
		{319224EB-3C30-FD80-D15B-F1DD13A6D038}.Debug|Any CPU.ActiveCfg = Debug|Any CPU
		{319224EB-3C30-FD80-D15B-F1DD13A6D038}.Debug|Any CPU.Build.0 = Debug|Any CPU
		{319224EB-3C30-FD80-D15B-F1DD13A6D038}.Release|Any CPU.ActiveCfg = Release|Any CPU
		{319224EB-3C30-FD80-D15B-F1DD13A6D038}.Release|Any CPU.Build.0 = Release|Any CPU
		{5CC8A827-9177-7FD6-7F1D-68444B73A9E7}.Debug|Any CPU.ActiveCfg = Debug|Any CPU
		{5CC8A827-9177-7FD6-7F1D-68444B73A9E7}.Debug|Any CPU.Build.0 = Debug|Any CPU
		{5CC8A827-9177-7FD6-7F1D-68444B73A9E7}.Release|Any CPU.ActiveCfg = Release|Any CPU
		{5CC8A827-9177-7FD6-7F1D-68444B73A9E7}.Release|Any CPU.Build.0 = Release|Any CPU
	EndGlobalSection
	GlobalSection(SolutionProperties) = preSolution
		HideSolutionNode = FALSE
	EndGlobalSection
EndGlobal
