
Microsoft Visual Studio Solution File, Format Version 12.00
# Visual Studio 15
Project("{FAE04EC0-301F-11D3-BF4B-00C04F79EFBC}") = "Assembly-CSharp", "Assembly-CSharp.csproj", "{876C8E11-2010-759E-5AA3-05020F8E3352}"
EndProject
Project("{FAE04EC0-301F-11D3-BF4B-00C04F79EFBC}") = "NUUVer3", "NUUVer3.csproj", "{25B537B7-9BF8-EBD7-FE29-BC733394B116}"
EndProject
Global
	GlobalSection(SolutionConfigurationPlatforms) = preSolution
		Debug|Any CPU = Debug|Any CPU
		Release|Any CPU = Release|Any CPU
	EndGlobalSection
	GlobalSection(ProjectConfigurationPlatforms) = postSolution
		{876C8E11-2010-759E-5AA3-05020F8E3352}.Debug|Any CPU.ActiveCfg = Debug|Any CPU
		{876C8E11-2010-759E-5AA3-05020F8E3352}.Debug|Any CPU.Build.0 = Debug|Any CPU
		{876C8E11-2010-759E-5AA3-05020F8E3352}.Release|Any CPU.ActiveCfg = Release|Any CPU
		{876C8E11-2010-759E-5AA3-05020F8E3352}.Release|Any CPU.Build.0 = Release|Any CPU
		{25B537B7-9BF8-EBD7-FE29-BC733394B116}.Debug|Any CPU.ActiveCfg = Debug|Any CPU
		{25B537B7-9BF8-EBD7-FE29-BC733394B116}.Debug|Any CPU.Build.0 = Debug|Any CPU
		{25B537B7-9BF8-EBD7-FE29-BC733394B116}.Release|Any CPU.ActiveCfg = Release|Any CPU
		{25B537B7-9BF8-EBD7-FE29-BC733394B116}.Release|Any CPU.Build.0 = Release|Any CPU
	EndGlobalSection
	GlobalSection(SolutionProperties) = preSolution
		HideSolutionNode = FALSE
	EndGlobalSection
EndGlobal
